// !$*UTF8*$!
{
	archiveVersion = 1;
	classes = {
	};
	objectVersion = 77;
	objects = {

/* Begin PBXBuildFile section */
		7637E7E92D16D93600DA7C0C /* ReactorKit in Frameworks */ = {isa = PBXBuildFile; productRef = 7637E7E82D16D93600DA7C0C /* ReactorKit */; };
		7637E7F02D16DFCB00DA7C0C /* RxCocoa in Frameworks */ = {isa = PBXBuildFile; productRef = 7637E7EF2D16DFCB00DA7C0C /* RxCocoa */; };
		7637E7F22D16DFCB00DA7C0C /* RxRelay in Frameworks */ = {isa = PBXBuildFile; productRef = 7637E7F12D16DFCB00DA7C0C /* RxRelay */; };
		7637E7F42D16DFCB00DA7C0C /* RxSwift in Frameworks */ = {isa = PBXBuildFile; productRef = 7637E7F32D16DFCB00DA7C0C /* RxSwift */; };
/* End PBXBuildFile section */

/* Begin PBXContainerItemProxy section */
		7637E7CA2D16D7C500DA7C0C /* PBXContainerItemProxy */ = {
			isa = PBXContainerItemProxy;
			containerPortal = 7637E7AB2D16D7C200DA7C0C /* Project object */;
			proxyType = 1;
			remoteGlobalIDString = 7637E7B22D16D7C200DA7C0C;
			remoteInfo = FishBreadCounter;
		};
		7637E7D42D16D7C500DA7C0C /* PBXContainerItemProxy */ = {
			isa = PBXContainerItemProxy;
			containerPortal = 7637E7AB2D16D7C200DA7C0C /* Project object */;
			proxyType = 1;
			remoteGlobalIDString = 7637E7B22D16D7C200DA7C0C;
			remoteInfo = FishBreadCounter;
		};
/* End PBXContainerItemProxy section */

/* Begin PBXFileReference section */
		7637E7B32D16D7C200DA7C0C /* FishBreadCounter.app */ = {isa = PBXFileReference; explicitFileType = wrapper.application; includeInIndex = 0; path = FishBreadCounter.app; sourceTree = BUILT_PRODUCTS_DIR; };
		7637E7C92D16D7C500DA7C0C /* FishBreadCounterTests.xctest */ = {isa = PBXFileReference; explicitFileType = wrapper.cfbundle; includeInIndex = 0; path = FishBreadCounterTests.xctest; sourceTree = BUILT_PRODUCTS_DIR; };
		7637E7D32D16D7C500DA7C0C /* FishBreadCounterUITests.xctest */ = {isa = PBXFileReference; explicitFileType = wrapper.cfbundle; includeInIndex = 0; path = FishBreadCounterUITests.xctest; sourceTree = BUILT_PRODUCTS_DIR; };
/* End PBXFileReference section */

/* Begin PBXFileSystemSynchronizedBuildFileExceptionSet section */
		7637E7DB2D16D7C500DA7C0C /* Exceptions for "FishBreadCounter" folder in "FishBreadCounter" target */ = {
			isa = PBXFileSystemSynchronizedBuildFileExceptionSet;
			membershipExceptions = (
				Info.plist,
			);
			target = 7637E7B22D16D7C200DA7C0C /* FishBreadCounter */;
		};
/* End PBXFileSystemSynchronizedBuildFileExceptionSet section */

/* Begin PBXFileSystemSynchronizedRootGroup section */
		7637E7B52D16D7C200DA7C0C /* FishBreadCounter */ = {
			isa = PBXFileSystemSynchronizedRootGroup;
			exceptions = (
				7637E7DB2D16D7C500DA7C0C /* Exceptions for "FishBreadCounter" folder in "FishBreadCounter" target */,
			);
			path = FishBreadCounter;
			sourceTree = "<group>";
		};
		7637E7CC2D16D7C500DA7C0C /* FishBreadCounterTests */ = {
			isa = PBXFileSystemSynchronizedRootGroup;
			path = FishBreadCounterTests;
			sourceTree = "<group>";
		};
		7637E7D62D16D7C500DA7C0C /* FishBreadCounterUITests */ = {
			isa = PBXFileSystemSynchronizedRootGroup;
			path = FishBreadCounterUITests;
			sourceTree = "<group>";
		};
/* End PBXFileSystemSynchronizedRootGroup section */

/* Begin PBXFrameworksBuildPhase section */
		7637E7B02D16D7C200DA7C0C /* Frameworks */ = {
			isa = PBXFrameworksBuildPhase;
			buildActionMask = 2147483647;
			files = (
				7637E7F22D16DFCB00DA7C0C /* RxRelay in Frameworks */,
				7637E7F02D16DFCB00DA7C0C /* RxCocoa in Frameworks */,
				7637E7F42D16DFCB00DA7C0C /* RxSwift in Frameworks */,
				7637E7E92D16D93600DA7C0C /* ReactorKit in Frameworks */,
			);
			runOnlyForDeploymentPostprocessing = 0;
		};
		7637E7C62D16D7C500DA7C0C /* Frameworks */ = {
			isa = PBXFrameworksBuildPhase;
			buildActionMask = 2147483647;
			files = (
			);
			runOnlyForDeploymentPostprocessing = 0;
		};
		7637E7D02D16D7C500DA7C0C /* Frameworks */ = {
			isa = PBXFrameworksBuildPhase;
			buildActionMask = 2147483647;
			files = (
			);
			runOnlyForDeploymentPostprocessing = 0;
		};
/* End PBXFrameworksBuildPhase section */

/* Begin PBXGroup section */
		7637E7AA2D16D7C200DA7C0C = {
			isa = PBXGroup;
			children = (
				7637E7B52D16D7C200DA7C0C /* FishBreadCounter */,
				7637E7CC2D16D7C500DA7C0C /* FishBreadCounterTests */,
				7637E7D62D16D7C500DA7C0C /* FishBreadCounterUITests */,
				7637E7B42D16D7C200DA7C0C /* Products */,
			);
			sourceTree = "<group>";
		};
		7637E7B42D16D7C200DA7C0C /* Products */ = {
			isa = PBXGroup;
			children = (
				7637E7B32D16D7C200DA7C0C /* FishBreadCounter.app */,
				7637E7C92D16D7C500DA7C0C /* FishBreadCounterTests.xctest */,
				7637E7D32D16D7C500DA7C0C /* FishBreadCounterUITests.xctest */,
			);
			name = Products;
			sourceTree = "<group>";
		};
/* End PBXGroup section */

/* Begin PBXNativeTarget section */
		7637E7B22D16D7C200DA7C0C /* FishBreadCounter */ = {
			isa = PBXNativeTarget;
			buildConfigurationList = 7637E7DC2D16D7C500DA7C0C /* Build configuration list for PBXNativeTarget "FishBreadCounter" */;
			buildPhases = (
				7637E7AF2D16D7C200DA7C0C /* Sources */,
				7637E7B02D16D7C200DA7C0C /* Frameworks */,
				7637E7B12D16D7C200DA7C0C /* Resources */,
			);
			buildRules = (
			);
			dependencies = (
			);
			fileSystemSynchronizedGroups = (
				7637E7B52D16D7C200DA7C0C /* FishBreadCounter */,
			);
			name = FishBreadCounter;
			packageProductDependencies = (
				7637E7E82D16D93600DA7C0C /* ReactorKit */,
				7637E7EF2D16DFCB00DA7C0C /* RxCocoa */,
				7637E7F12D16DFCB00DA7C0C /* RxRelay */,
				7637E7F32D16DFCB00DA7C0C /* RxSwift */,
			);
			productName = FishBreadCounter;
			productReference = 7637E7B32D16D7C200DA7C0C /* FishBreadCounter.app */;
			productType = "com.apple.product-type.application";
		};
		7637E7C82D16D7C500DA7C0C /* FishBreadCounterTests */ = {
			isa = PBXNativeTarget;
			buildConfigurationList = 7637E7E12D16D7C500DA7C0C /* Build configuration list for PBXNativeTarget "FishBreadCounterTests" */;
			buildPhases = (
				7637E7C52D16D7C500DA7C0C /* Sources */,
				7637E7C62D16D7C500DA7C0C /* Frameworks */,
				7637E7C72D16D7C500DA7C0C /* Resources */,
			);
			buildRules = (
			);
			dependencies = (
				7637E7CB2D16D7C500DA7C0C /* PBXTargetDependency */,
			);
			fileSystemSynchronizedGroups = (
				7637E7CC2D16D7C500DA7C0C /* FishBreadCounterTests */,
			);
			name = FishBreadCounterTests;
			packageProductDependencies = (
			);
			productName = FishBreadCounterTests;
			productReference = 7637E7C92D16D7C500DA7C0C /* FishBreadCounterTests.xctest */;
			productType = "com.apple.product-type.bundle.unit-test";
		};
		7637E7D22D16D7C500DA7C0C /* FishBreadCounterUITests */ = {
			isa = PBXNativeTarget;
			buildConfigurationList = 7637E7E42D16D7C500DA7C0C /* Build configuration list for PBXNativeTarget "FishBreadCounterUITests" */;
			buildPhases = (
				7637E7CF2D16D7C500DA7C0C /* Sources */,
				7637E7D02D16D7C500DA7C0C /* Frameworks */,
				7637E7D12D16D7C500DA7C0C /* Resources */,
			);
			buildRules = (
			);
			dependencies = (
				7637E7D52D16D7C500DA7C0C /* PBXTargetDependency */,
			);
			fileSystemSynchronizedGroups = (
				7637E7D62D16D7C500DA7C0C /* FishBreadCounterUITests */,
			);
			name = FishBreadCounterUITests;
			packageProductDependencies = (
			);
			productName = FishBreadCounterUITests;
			productReference = 7637E7D32D16D7C500DA7C0C /* FishBreadCounterUITests.xctest */;
			productType = "com.apple.product-type.bundle.ui-testing";
		};
/* End PBXNativeTarget section */

/* Begin PBXProject section */
		7637E7AB2D16D7C200DA7C0C /* Project object */ = {
			isa = PBXProject;
			attributes = {
				BuildIndependentTargetsInParallel = 1;
				LastSwiftUpdateCheck = 1610;
				LastUpgradeCheck = 1610;
				TargetAttributes = {
					7637E7B22D16D7C200DA7C0C = {
						CreatedOnToolsVersion = 16.1;
					};
					7637E7C82D16D7C500DA7C0C = {
						CreatedOnToolsVersion = 16.1;
						TestTargetID = 7637E7B22D16D7C200DA7C0C;
					};
					7637E7D22D16D7C500DA7C0C = {
						CreatedOnToolsVersion = 16.1;
						TestTargetID = 7637E7B22D16D7C200DA7C0C;
					};
				};
			};
			buildConfigurationList = 7637E7AE2D16D7C200DA7C0C /* Build configuration list for PBXProject "FishBreadCounter" */;
			developmentRegion = en;
			hasScannedForEncodings = 0;
			knownRegions = (
				en,
				Base,
			);
			mainGroup = 7637E7AA2D16D7C200DA7C0C;
			minimizedProjectReferenceProxies = 1;
			packageReferences = (
				7637E7E72D16D93600DA7C0C /* XCRemoteSwiftPackageReference "ReactorKit" */,
				7637E7EE2D16DFCB00DA7C0C /* XCRemoteSwiftPackageReference "RxSwift" */,
			);
			preferredProjectObjectVersion = 77;
			productRefGroup = 7637E7B42D16D7C200DA7C0C /* Products */;
			projectDirPath = "";
			projectRoot = "";
			targets = (
				7637E7B22D16D7C200DA7C0C /* FishBreadCounter */,
				7637E7C82D16D7C500DA7C0C /* FishBreadCounterTests */,
				7637E7D22D16D7C500DA7C0C /* FishBreadCounterUITests */,
			);
		};
/* End PBXProject section */

/* Begin PBXResourcesBuildPhase section */
		7637E7B12D16D7C200DA7C0C /* Resources */ = {
			isa = PBXResourcesBuildPhase;
			buildActionMask = 2147483647;
			files = (
			);
			runOnlyForDeploymentPostprocessing = 0;
		};
		7637E7C72D16D7C500DA7C0C /* Resources */ = {
			isa = PBXResourcesBuildPhase;
			buildActionMask = 2147483647;
			files = (
			);
			runOnlyForDeploymentPostprocessing = 0;
		};
		7637E7D12D16D7C500DA7C0C /* Resources */ = {
			isa = PBXResourcesBuildPhase;
			buildActionMask = 2147483647;
			files = (
			);
			runOnlyForDeploymentPostprocessing = 0;
		};
/* End PBXResourcesBuildPhase section */

/* Begin PBXSourcesBuildPhase section */
		7637E7AF2D16D7C200DA7C0C /* Sources */ = {
			isa = PBXSourcesBuildPhase;
			buildActionMask = 2147483647;
			files = (
			);
			runOnlyForDeploymentPostprocessing = 0;
		};
		7637E7C52D16D7C500DA7C0C /* Sources */ = {
			isa = PBXSourcesBuildPhase;
			buildActionMask = 2147483647;
			files = (
			);
			runOnlyForDeploymentPostprocessing = 0;
		};
		7637E7CF2D16D7C500DA7C0C /* Sources */ = {
			isa = PBXSourcesBuildPhase;
			buildActionMask = 2147483647;
			files = (
			);
			runOnlyForDeploymentPostprocessing = 0;
		};
/* End PBXSourcesBuildPhase section */

/* Begin PBXTargetDependency section */
		7637E7CB2D16D7C500DA7C0C /* PBXTargetDependency */ = {
			isa = PBXTargetDependency;
			target = 7637E7B22D16D7C200DA7C0C /* FishBreadCounter */;
			targetProxy = 7637E7CA2D16D7C500DA7C0C /* PBXContainerItemProxy */;
		};
		7637E7D52D16D7C500DA7C0C /* PBXTargetDependency */ = {
			isa = PBXTargetDependency;
			target = 7637E7B22D16D7C200DA7C0C /* FishBreadCounter */;
			targetProxy = 7637E7D42D16D7C500DA7C0C /* PBXContainerItemProxy */;
		};
/* End PBXTargetDependency section */

/* Begin XCBuildConfiguration section */
		7637E7DD2D16D7C500DA7C0C /* Debug */ = {
			isa = XCBuildConfiguration;
			buildSettings = {
				ASSETCATALOG_COMPILER_APPICON_NAME = AppIcon;
				ASSETCATALOG_COMPILER_GLOBAL_ACCENT_COLOR_NAME = AccentColor;
				CODE_SIGN_STYLE = Automatic;
				CURRENT_PROJECT_VERSION = 1;
				DEVELOPMENT_TEAM = 8SEJMN2QLC;
				GENERATE_INFOPLIST_FILE = YES;
				INFOPLIST_FILE = FishBreadCounter/Info.plist;
				INFOPLIST_KEY_UIApplicationSupportsIndirectInputEvents = YES;
				INFOPLIST_KEY_UILaunchStoryboardName = LaunchScreen;
				INFOPLIST_KEY_UIMainStoryboardFile = Main;
				INFOPLIST_KEY_UISupportedInterfaceOrientations_iPad = "UIInterfaceOrientationPortrait UIInterfaceOrientationPortraitUpsideDown UIInterfaceOrientationLandscapeLeft UIInterfaceOrientationLandscapeRight";
				INFOPLIST_KEY_UISupportedInterfaceOrientations_iPhone = "UIInterfaceOrientationPortrait UIInterfaceOrientationLandscapeLeft UIInterfaceOrientationLandscapeRight";
				LD_RUNPATH_SEARCH_PATHS = (
					"$(inherited)",
					"@executable_path/Frameworks",
				);
				MARKETING_VERSION = 1.0;
				PRODUCT_BUNDLE_IDENTIFIER = com.langpeu.FishBreadCounter;
				PRODUCT_NAME = "$(TARGET_NAME)";
				SWIFT_EMIT_LOC_STRINGS = YES;
				SWIFT_VERSION = 5.0;
				TARGETED_DEVICE_FAMILY = "1,2";
			};
			name = Debug;
		};
		7637E7DE2D16D7C500DA7C0C /* Release */ = {
			isa = XCBuildConfiguration;
			buildSettings = {
				ASSETCATALOG_COMPILER_APPICON_NAME = AppIcon;
				ASSETCATALOG_COMPILER_GLOBAL_ACCENT_COLOR_NAME = AccentColor;
				CODE_SIGN_STYLE = Automatic;
				CURRENT_PROJECT_VERSION = 1;
				DEVELOPMENT_TEAM = 8SEJMN2QLC;
				GENERATE_INFOPLIST_FILE = YES;
				INFOPLIST_FILE = FishBreadCounter/Info.plist;
				INFOPLIST_KEY_UIApplicationSupportsIndirectInputEvents = YES;
				INFOPLIST_KEY_UILaunchStoryboardName = LaunchScreen;
				INFOPLIST_KEY_UIMainStoryboardFile = Main;
				INFOPLIST_KEY_UISupportedInterfaceOrientations_iPad = "UIInterfaceOrientationPortrait UIInterfaceOrientationPortraitUpsideDown UIInterfaceOrientationLandscapeLeft UIInterfaceOrientationLandscapeRight";
				INFOPLIST_KEY_UISupportedInterfaceOrientations_iPhone = "UIInterfaceOrientationPortrait UIInterfaceOrientationLandscapeLeft UIInterfaceOrientationLandscapeRight";
				LD_RUNPATH_SEARCH_PATHS = (
					"$(inherited)",
					"@executable_path/Frameworks",
				);
				MARKETING_VERSION = 1.0;
				PRODUCT_BUNDLE_IDENTIFIER = com.langpeu.FishBreadCounter;
				PRODUCT_NAME = "$(TARGET_NAME)";
				SWIFT_EMIT_LOC_STRINGS = YES;
				SWIFT_VERSION = 5.0;
				TARGETED_DEVICE_FAMILY = "1,2";
			};
			name = Release;
		};
		7637E7DF2D16D7C500DA7C0C /* Debug */ = {
			isa = XCBuildConfiguration;
			buildSettings = {
				ALWAYS_SEARCH_USER_PATHS = NO;
				ASSETCATALOG_COMPILER_GENERATE_SWIFT_ASSET_SYMBOL_EXTENSIONS = YES;
				CLANG_ANALYZER_NONNULL = YES;
				CLANG_ANALYZER_NUMBER_OBJECT_CONVERSION = YES_AGGRESSIVE;
				CLANG_CXX_LANGUAGE_STANDARD = "gnu++20";
				CLANG_ENABLE_MODULES = YES;
				CLANG_ENABLE_OBJC_ARC = YES;
				CLANG_ENABLE_OBJC_WEAK = YES;
				CLANG_WARN_BLOCK_CAPTURE_AUTORELEASING = YES;
				CLANG_WARN_BOOL_CONVERSION = YES;
				CLANG_WARN_COMMA = YES;
				CLANG_WARN_CONSTANT_CONVERSION = YES;
				CLANG_WARN_DEPRECATED_OBJC_IMPLEMENTATIONS = YES;
				CLANG_WARN_DIRECT_OBJC_ISA_USAGE = YES_ERROR;
				CLANG_WARN_DOCUMENTATION_COMMENTS = YES;
				CLANG_WARN_EMPTY_BODY = YES;
				CLANG_WARN_ENUM_CONVERSION = YES;
				CLANG_WARN_INFINITE_RECURSION = YES;
				CLANG_WARN_INT_CONVERSION = YES;
				CLANG_WARN_NON_LITERAL_NULL_CONVERSION = YES;
				CLANG_WARN_OBJC_IMPLICIT_RETAIN_SELF = YES;
				CLANG_WARN_OBJC_LITERAL_CONVERSION = YES;
				CLANG_WARN_OBJC_ROOT_CLASS = YES_ERROR;
				CLANG_WARN_QUOTED_INCLUDE_IN_FRAMEWORK_HEADER = YES;
				CLANG_WARN_RANGE_LOOP_ANALYSIS = YES;
				CLANG_WARN_STRICT_PROTOTYPES = YES;
				CLANG_WARN_SUSPICIOUS_MOVE = YES;
				CLANG_WARN_UNGUARDED_AVAILABILITY = YES_AGGRESSIVE;
				CLANG_WARN_UNREACHABLE_CODE = YES;
				CLANG_WARN__DUPLICATE_METHOD_MATCH = YES;
				COPY_PHASE_STRIP = NO;
				DEBUG_INFORMATION_FORMAT = dwarf;
				ENABLE_STRICT_OBJC_MSGSEND = YES;
				ENABLE_TESTABILITY = YES;
				ENABLE_USER_SCRIPT_SANDBOXING = YES;
				GCC_C_LANGUAGE_STANDARD = gnu17;
				GCC_DYNAMIC_NO_PIC = NO;
				GCC_NO_COMMON_BLOCKS = YES;
				GCC_OPTIMIZATION_LEVEL = 0;
				GCC_PREPROCESSOR_DEFINITIONS = (
					"DEBUG=1",
					"$(inherited)",
				);
				GCC_WARN_64_TO_32_BIT_CONVERSION = YES;
				GCC_WARN_ABOUT_RETURN_TYPE = YES_ERROR;
				GCC_WARN_UNDECLARED_SELECTOR = YES;
				GCC_WARN_UNINITIALIZED_AUTOS = YES_AGGRESSIVE;
				GCC_WARN_UNUSED_FUNCTION = YES;
				GCC_WARN_UNUSED_VARIABLE = YES;
				IPHONEOS_DEPLOYMENT_TARGET = 18.1;
				LOCALIZATION_PREFERS_STRING_CATALOGS = YES;
				MTL_ENABLE_DEBUG_INFO = INCLUDE_SOURCE;
				MTL_FAST_MATH = YES;
				ONLY_ACTIVE_ARCH = YES;
				SDKROOT = iphoneos;
				SWIFT_ACTIVE_COMPILATION_CONDITIONS = "DEBUG $(inherited)";
				SWIFT_OPTIMIZATION_LEVEL = "-Onone";
			};
			name = Debug;
		};
		7637E7E02D16D7C500DA7C0C /* Release */ = {
			isa = XCBuildConfiguration;
			buildSettings = {
				ALWAYS_SEARCH_USER_PATHS = NO;
				ASSETCATALOG_COMPILER_GENERATE_SWIFT_ASSET_SYMBOL_EXTENSIONS = YES;
				CLANG_ANALYZER_NONNULL = YES;
				CLANG_ANALYZER_NUMBER_OBJECT_CONVERSION = YES_AGGRESSIVE;
				CLANG_CXX_LANGUAGE_STANDARD = "gnu++20";
				CLANG_ENABLE_MODULES = YES;
				CLANG_ENABLE_OBJC_ARC = YES;
				CLANG_ENABLE_OBJC_WEAK = YES;
				CLANG_WARN_BLOCK_CAPTURE_AUTORELEASING = YES;
				CLANG_WARN_BOOL_CONVERSION = YES;
				CLANG_WARN_COMMA = YES;
				CLANG_WARN_CONSTANT_CONVERSION = YES;
				CLANG_WARN_DEPRECATED_OBJC_IMPLEMENTATIONS = YES;
				CLANG_WARN_DIRECT_OBJC_ISA_USAGE = YES_ERROR;
				CLANG_WARN_DOCUMENTATION_COMMENTS = YES;
				CLANG_WARN_EMPTY_BODY = YES;
				CLANG_WARN_ENUM_CONVERSION = YES;
				CLANG_WARN_INFINITE_RECURSION = YES;
				CLANG_WARN_INT_CONVERSION = YES;
				CLANG_WARN_NON_LITERAL_NULL_CONVERSION = YES;
				CLANG_WARN_OBJC_IMPLICIT_RETAIN_SELF = YES;
				CLANG_WARN_OBJC_LITERAL_CONVERSION = YES;
				CLANG_WARN_OBJC_ROOT_CLASS = YES_ERROR;
				CLANG_WARN_QUOTED_INCLUDE_IN_FRAMEWORK_HEADER = YES;
				CLANG_WARN_RANGE_LOOP_ANALYSIS = YES;
				CLANG_WARN_STRICT_PROTOTYPES = YES;
				CLANG_WARN_SUSPICIOUS_MOVE = YES;
				CLANG_WARN_UNGUARDED_AVAILABILITY = YES_AGGRESSIVE;
				CLANG_WARN_UNREACHABLE_CODE = YES;
				CLANG_WARN__DUPLICATE_METHOD_MATCH = YES;
				COPY_PHASE_STRIP = NO;
				DEBUG_INFORMATION_FORMAT = "dwarf-with-dsym";
				ENABLE_NS_ASSERTIONS = NO;
				ENABLE_STRICT_OBJC_MSGSEND = YES;
				ENABLE_USER_SCRIPT_SANDBOXING = YES;
				GCC_C_LANGUAGE_STANDARD = gnu17;
				GCC_NO_COMMON_BLOCKS = YES;
				GCC_WARN_64_TO_32_BIT_CONVERSION = YES;
				GCC_WARN_ABOUT_RETURN_TYPE = YES_ERROR;
				GCC_WARN_UNDECLARED_SELECTOR = YES;
				GCC_WARN_UNINITIALIZED_AUTOS = YES_AGGRESSIVE;
				GCC_WARN_UNUSED_FUNCTION = YES;
				GCC_WARN_UNUSED_VARIABLE = YES;
				IPHONEOS_DEPLOYMENT_TARGET = 18.1;
				LOCALIZATION_PREFERS_STRING_CATALOGS = YES;
				MTL_ENABLE_DEBUG_INFO = NO;
				MTL_FAST_MATH = YES;
				SDKROOT = iphoneos;
				SWIFT_COMPILATION_MODE = wholemodule;
				VALIDATE_PRODUCT = YES;
			};
			name = Release;
		};
		7637E7E22D16D7C500DA7C0C /* Debug */ = {
			isa = XCBuildConfiguration;
			buildSettings = {
				BUNDLE_LOADER = "$(TEST_HOST)";
				CODE_SIGN_STYLE = Automatic;
				CURRENT_PROJECT_VERSION = 1;
				DEVELOPMENT_TEAM = 8SEJMN2QLC;
				GENERATE_INFOPLIST_FILE = YES;
				IPHONEOS_DEPLOYMENT_TARGET = 18.1;
				MARKETING_VERSION = 1.0;
				PRODUCT_BUNDLE_IDENTIFIER = com.langpeu.FishBreadCounterTests;
				PRODUCT_NAME = "$(TARGET_NAME)";
				SWIFT_EMIT_LOC_STRINGS = NO;
				SWIFT_VERSION = 5.0;
				TARGETED_DEVICE_FAMILY = "1,2";
				TEST_HOST = "$(BUILT_PRODUCTS_DIR)/FishBreadCounter.app/$(BUNDLE_EXECUTABLE_FOLDER_PATH)/FishBreadCounter";
			};
			name = Debug;
		};
		7637E7E32D16D7C500DA7C0C /* Release */ = {
			isa = XCBuildConfiguration;
			buildSettings = {
				BUNDLE_LOADER = "$(TEST_HOST)";
				CODE_SIGN_STYLE = Automatic;
				CURRENT_PROJECT_VERSION = 1;
				DEVELOPMENT_TEAM = 8SEJMN2QLC;
				GENERATE_INFOPLIST_FILE = YES;
				IPHONEOS_DEPLOYMENT_TARGET = 18.1;
				MARKETING_VERSION = 1.0;
				PRODUCT_BUNDLE_IDENTIFIER = com.langpeu.FishBreadCounterTests;
				PRODUCT_NAME = "$(TARGET_NAME)";
				SWIFT_EMIT_LOC_STRINGS = NO;
				SWIFT_VERSION = 5.0;
				TARGETED_DEVICE_FAMILY = "1,2";
				TEST_HOST = "$(BUILT_PRODUCTS_DIR)/FishBreadCounter.app/$(BUNDLE_EXECUTABLE_FOLDER_PATH)/FishBreadCounter";
			};
			name = Release;
		};
		7637E7E52D16D7C500DA7C0C /* Debug */ = {
			isa = XCBuildConfiguration;
			buildSettings = {
				CODE_SIGN_STYLE = Automatic;
				CURRENT_PROJECT_VERSION = 1;
				DEVELOPMENT_TEAM = 8SEJMN2QLC;
				GENERATE_INFOPLIST_FILE = YES;
				MARKETING_VERSION = 1.0;
				PRODUCT_BUNDLE_IDENTIFIER = com.langpeu.FishBreadCounterUITests;
				PRODUCT_NAME = "$(TARGET_NAME)";
				SWIFT_EMIT_LOC_STRINGS = NO;
				SWIFT_VERSION = 5.0;
				TARGETED_DEVICE_FAMILY = "1,2";
				TEST_TARGET_NAME = FishBreadCounter;
			};
			name = Debug;
		};
		7637E7E62D16D7C500DA7C0C /* Release */ = {
			isa = XCBuildConfiguration;
			buildSettings = {
				CODE_SIGN_STYLE = Automatic;
				CURRENT_PROJECT_VERSION = 1;
				DEVELOPMENT_TEAM = 8SEJMN2QLC;
				GENERATE_INFOPLIST_FILE = YES;
				MARKETING_VERSION = 1.0;
				PRODUCT_BUNDLE_IDENTIFIER = com.langpeu.FishBreadCounterUITests;
				PRODUCT_NAME = "$(TARGET_NAME)";
				SWIFT_EMIT_LOC_STRINGS = NO;
				SWIFT_VERSION = 5.0;
				TARGETED_DEVICE_FAMILY = "1,2";
				TEST_TARGET_NAME = FishBreadCounter;
			};
			name = Release;
		};
/* End XCBuildConfiguration section */

/* Begin XCConfigurationList section */
		7637E7AE2D16D7C200DA7C0C /* Build configuration list for PBXProject "FishBreadCounter" */ = {
			isa = XCConfigurationList;
			buildConfigurations = (
				7637E7DF2D16D7C500DA7C0C /* Debug */,
				7637E7E02D16D7C500DA7C0C /* Release */,
			);
			defaultConfigurationIsVisible = 0;
			defaultConfigurationName = Release;
		};
		7637E7DC2D16D7C500DA7C0C /* Build configuration list for PBXNativeTarget "FishBreadCounter" */ = {
			isa = XCConfigurationList;
			buildConfigurations = (
				7637E7DD2D16D7C500DA7C0C /* Debug */,
				7637E7DE2D16D7C500DA7C0C /* Release */,
			);
			defaultConfigurationIsVisible = 0;
			defaultConfigurationName = Release;
		};
		7637E7E12D16D7C500DA7C0C /* Build configuration list for PBXNativeTarget "FishBreadCounterTests" */ = {
			isa = XCConfigurationList;
			buildConfigurations = (
				7637E7E22D16D7C500DA7C0C /* Debug */,
				7637E7E32D16D7C500DA7C0C /* Release */,
			);
			defaultConfigurationIsVisible = 0;
			defaultConfigurationName = Release;
		};
		7637E7E42D16D7C500DA7C0C /* Build configuration list for PBXNativeTarget "FishBreadCounterUITests" */ = {
			isa = XCConfigurationList;
			buildConfigurations = (
				7637E7E52D16D7C500DA7C0C /* Debug */,
				7637E7E62D16D7C500DA7C0C /* Release */,
			);
			defaultConfigurationIsVisible = 0;
			defaultConfigurationName = Release;
		};
/* End XCConfigurationList section */

/* Begin XCRemoteSwiftPackageReference section */
		7637E7E72D16D93600DA7C0C /* XCRemoteSwiftPackageReference "ReactorKit" */ = {
			isa = XCRemoteSwiftPackageReference;
			repositoryURL = "https://github.com/ReactorKit/ReactorKit.git";
			requirement = {
				kind = upToNextMajorVersion;
				minimumVersion = 3.2.0;
			};
		};
		7637E7EE2D16DFCB00DA7C0C /* XCRemoteSwiftPackageReference "RxSwift" */ = {
			isa = XCRemoteSwiftPackageReference;
			repositoryURL = "https://github.com/ReactiveX/RxSwift";
			requirement = {
				kind = upToNextMajorVersion;
				minimumVersion = 6.8.0;
			};
		};
/* End XCRemoteSwiftPackageReference section */

/* Begin XCSwiftPackageProductDependency section */
		7637E7E82D16D93600DA7C0C /* ReactorKit */ = {
			isa = XCSwiftPackageProductDependency;
			package = 7637E7E72D16D93600DA7C0C /* XCRemoteSwiftPackageReference "ReactorKit" */;
			productName = ReactorKit;
		};
		7637E7EF2D16DFCB00DA7C0C /* RxCocoa */ = {
			isa = XCSwiftPackageProductDependency;
			package = 7637E7EE2D16DFCB00DA7C0C /* XCRemoteSwiftPackageReference "RxSwift" */;
			productName = RxCocoa;
		};
		7637E7F12D16DFCB00DA7C0C /* RxRelay */ = {
			isa = XCSwiftPackageProductDependency;
			package = 7637E7EE2D16DFCB00DA7C0C /* XCRemoteSwiftPackageReference "RxSwift" */;
			productName = RxRelay;
		};
		7637E7F32D16DFCB00DA7C0C /* RxSwift */ = {
			isa = XCSwiftPackageProductDependency;
			package = 7637E7EE2D16DFCB00DA7C0C /* XCRemoteSwiftPackageReference "RxSwift" */;
			productName = RxSwift;
		};
/* End XCSwiftPackageProductDependency section */
	};
	rootObject = 7637E7AB2D16D7C200DA7C0C /* Project object */;
}
